// !$*UTF8*$!
{
	archiveVersion = 1;
	classes = {
	};
	objectVersion = 48;
	objects = {

/* Begin PBXBuildFile section */
		B024ED3A1FD0484200E6DB72 /* TinyBattleKit.framework in Frameworks */ = {isa = PBXBuildFile; fileRef = B024ED301FD0484200E6DB72 /* TinyBattleKit.framework */; };
		B024ED411FD0484200E6DB72 /* TinyBattleKit.h in Headers */ = {isa = PBXBuildFile; fileRef = B024ED331FD0484200E6DB72 /* TinyBattleKit.h */; settings = {ATTRIBUTES = (Public, ); }; };
		B024ED4F1FD04D6700E6DB72 /* CalculatorTests.swift in Sources */ = {isa = PBXBuildFile; fileRef = B024ED4E1FD04D6700E6DB72 /* CalculatorTests.swift */; };
		B024ED531FD066E400E6DB72 /* Calculator.swift in Sources */ = {isa = PBXBuildFile; fileRef = B024ED521FD066E400E6DB72 /* Calculator.swift */; };
		B024ED551FD0670600E6DB72 /* AddOperatorProvider.swift in Sources */ = {isa = PBXBuildFile; fileRef = B024ED541FD0670600E6DB72 /* AddOperatorProvider.swift */; };
		B024ED571FD0673600E6DB72 /* CalculatorResult.swift in Sources */ = {isa = PBXBuildFile; fileRef = B024ED561FD0673600E6DB72 /* CalculatorResult.swift */; };
		B024ED591FD0BB8500E6DB72 /* MultiplyOperatorProvider.swift in Sources */ = {isa = PBXBuildFile; fileRef = B024ED581FD0BB8500E6DB72 /* MultiplyOperatorProvider.swift */; };
		B04272A21FD243E100ED3D74 /* MockBattleTurn.swift in Sources */ = {isa = PBXBuildFile; fileRef = B04272A11FD243E100ED3D74 /* MockBattleTurn.swift */; };
		B081909A1FDFA63B00B28743 /* NextTurnBattleRequest.swift in Sources */ = {isa = PBXBuildFile; fileRef = B08190991FDFA63B00B28743 /* NextTurnBattleRequest.swift */; };
		B081909C1FDFA69000B28743 /* NextTurnBattleRequestResponder.swift in Sources */ = {isa = PBXBuildFile; fileRef = B081909B1FDFA69000B28743 /* NextTurnBattleRequestResponder.swift */; };
		B0885DEC1FDA3A3C00629629 /* BattleAction.swift in Sources */ = {isa = PBXBuildFile; fileRef = B0885DCF1FDA3A3C00629629 /* BattleAction.swift */; };
		B0885DED1FDA3A3C00629629 /* BattlePlayer.swift in Sources */ = {isa = PBXBuildFile; fileRef = B0885DD01FDA3A3C00629629 /* BattlePlayer.swift */; };
		B0885DEE1FDA3A3C00629629 /* BattleActionProvider.swift in Sources */ = {isa = PBXBuildFile; fileRef = B0885DD11FDA3A3C00629629 /* BattleActionProvider.swift */; };
		B0885DEF1FDA3A3C00629629 /* BattleActionResponder.swift in Sources */ = {isa = PBXBuildFile; fileRef = B0885DD21FDA3A3C00629629 /* BattleActionResponder.swift */; };
		B0885DF01FDA3A3C00629629 /* BattleEntity.swift in Sources */ = {isa = PBXBuildFile; fileRef = B0885DD31FDA3A3C00629629 /* BattleEntity.swift */; };
		B0885DF11FDA3A3C00629629 /* BattleReady.swift in Sources */ = {isa = PBXBuildFile; fileRef = B0885DD51FDA3A3C00629629 /* BattleReady.swift */; };
		B0885DF21FDA3A3C00629629 /* JoinedBattleRequest.swift in Sources */ = {isa = PBXBuildFile; fileRef = B0885DD61FDA3A3C00629629 /* JoinedBattleRequest.swift */; };
		B0885DF31FDA3A3C00629629 /* TurnBasedBattleServer.swift in Sources */ = {isa = PBXBuildFile; fileRef = B0885DD71FDA3A3C00629629 /* TurnBasedBattleServer.swift */; };
		B0885DF41FDA3A3C00629629 /* TurnBasedBattle.swift in Sources */ = {isa = PBXBuildFile; fileRef = B0885DD81FDA3A3C00629629 /* TurnBasedBattle.swift */; };
		B0885DF51FDA3A3C00629629 /* BattleInvolved.swift in Sources */ = {isa = PBXBuildFile; fileRef = B0885DD91FDA3A3C00629629 /* BattleInvolved.swift */; };
		B0885DF61FDA3A3C00629629 /* TurnBasedBattleServerDataProvider.swift in Sources */ = {isa = PBXBuildFile; fileRef = B0885DDA1FDA3A3C00629629 /* TurnBasedBattleServerDataProvider.swift */; };
		B0885DF71FDA3A3C00629629 /* TurnBasedBattleServerError.swift in Sources */ = {isa = PBXBuildFile; fileRef = B0885DDB1FDA3A3C00629629 /* TurnBasedBattleServerError.swift */; };
		B0885DF81FDA3A3C00629629 /* InvolvedBattleRequest.swift in Sources */ = {isa = PBXBuildFile; fileRef = B0885DDC1FDA3A3C00629629 /* InvolvedBattleRequest.swift */; };
		B0885DF91FDA3A3C00629629 /* ContinueBattleRequest.swift in Sources */ = {isa = PBXBuildFile; fileRef = B0885DDD1FDA3A3C00629629 /* ContinueBattleRequest.swift */; };
		B0885DFA1FDA3A3C00629629 /* TurnBasedBattleServerState.swift in Sources */ = {isa = PBXBuildFile; fileRef = B0885DDE1FDA3A3C00629629 /* TurnBasedBattleServerState.swift */; };
		B0885DFB1FDA3A3C00629629 /* DefaultBattleActionAnimator.swift in Sources */ = {isa = PBXBuildFile; fileRef = B0885DDF1FDA3A3C00629629 /* DefaultBattleActionAnimator.swift */; };
		B0885DFC1FDA3A3C00629629 /* TurnBasedBattleServerStateMachine.swift in Sources */ = {isa = PBXBuildFile; fileRef = B0885DE01FDA3A3C00629629 /* TurnBasedBattleServerStateMachine.swift */; };
		B0885DFD1FDA3A3C00629629 /* ReadyBattleRequest.swift in Sources */ = {isa = PBXBuildFile; fileRef = B0885DE11FDA3A3C00629629 /* ReadyBattleRequest.swift */; };
		B0885DFE1FDA3A3C00629629 /* TurnBasedBattleRecord.swift in Sources */ = {isa = PBXBuildFile; fileRef = B0885DE21FDA3A3C00629629 /* TurnBasedBattleRecord.swift */; };
		B0885DFF1FDA3A3C00629629 /* TurnBasedBattleTurn.swift in Sources */ = {isa = PBXBuildFile; fileRef = B0885DE31FDA3A3C00629629 /* TurnBasedBattleTurn.swift */; };
		B0885E001FDA3A3C00629629 /* BattleJoined.swift in Sources */ = {isa = PBXBuildFile; fileRef = B0885DE41FDA3A3C00629629 /* BattleJoined.swift */; };
		B0885E011FDA3A3C00629629 /* BattleActionAnimatorContext.swift in Sources */ = {isa = PBXBuildFile; fileRef = B0885DE51FDA3A3C00629629 /* BattleActionAnimatorContext.swift */; };
		B0885E031FDA3A3C00629629 /* AnyBattleActionProvider.swift in Sources */ = {isa = PBXBuildFile; fileRef = B0885DE71FDA3A3C00629629 /* AnyBattleActionProvider.swift */; };
		B0885E041FDA3A3C00629629 /* BattleActionAnimator.swift in Sources */ = {isa = PBXBuildFile; fileRef = B0885DE81FDA3A3C00629629 /* BattleActionAnimator.swift */; };
		B0885E051FDA3A3C00629629 /* BattleResult.swift in Sources */ = {isa = PBXBuildFile; fileRef = B0885DE91FDA3A3C00629629 /* BattleResult.swift */; };
		B0885E061FDA3A3C00629629 /* BattleServer.swift in Sources */ = {isa = PBXBuildFile; fileRef = B0885DEA1FDA3A3C00629629 /* BattleServer.swift */; };
		B0885E071FDA3A3D00629629 /* BattleRequest.swift in Sources */ = {isa = PBXBuildFile; fileRef = B0885DEB1FDA3A3C00629629 /* BattleRequest.swift */; };
		B0885E091FDA42BA00629629 /* PlayerJoinBattleRequestResponder.swift in Sources */ = {isa = PBXBuildFile; fileRef = B0885E081FDA42BA00629629 /* PlayerJoinBattleRequestResponder.swift */; };
		B0885E0B1FDA47B700629629 /* BattleResponse.swift in Sources */ = {isa = PBXBuildFile; fileRef = B0885E0A1FDA47B700629629 /* BattleResponse.swift */; };
		B0885E0D1FDA54F500629629 /* MockBattleJoined.swift in Sources */ = {isa = PBXBuildFile; fileRef = B0885E0C1FDA54F500629629 /* MockBattleJoined.swift */; };
		B0885E0F1FDA569100629629 /* PlayerReadyBattleRequestResponder.swift in Sources */ = {isa = PBXBuildFile; fileRef = B0885E0E1FDA569100629629 /* PlayerReadyBattleRequestResponder.swift */; };
		B0885E111FDA56DF00629629 /* TurnBasedBattleResponse.swift in Sources */ = {isa = PBXBuildFile; fileRef = B0885E101FDA56DF00629629 /* TurnBasedBattleResponse.swift */; };
		B0885E131FDA582600629629 /* MockBattleReady.swift in Sources */ = {isa = PBXBuildFile; fileRef = B0885E121FDA582600629629 /* MockBattleReady.swift */; };
		B0885E151FDA5E7300629629 /* ContinueBattleRequestResponder.swift in Sources */ = {isa = PBXBuildFile; fileRef = B0885E141FDA5E7300629629 /* ContinueBattleRequestResponder.swift */; };
		B0885E171FDA626A00629629 /* PlayerInvolveBattleRequestResponder.swift in Sources */ = {isa = PBXBuildFile; fileRef = B0885E161FDA626A00629629 /* PlayerInvolveBattleRequestResponder.swift */; };
		B0885E191FDA63A900629629 /* MockBattleInvolved.swift in Sources */ = {isa = PBXBuildFile; fileRef = B0885E181FDA63A900629629 /* MockBattleInvolved.swift */; };
		B0A676751FD1710C00278CBE /* TurnBasedBattleServerTests.swift in Sources */ = {isa = PBXBuildFile; fileRef = B0A676741FD1710C00278CBE /* TurnBasedBattleServerTests.swift */; };
		B0A6767D1FD1745D00278CBE /* StubTurnBasedBattleServerDelegate.swift in Sources */ = {isa = PBXBuildFile; fileRef = B0A6767C1FD1745D00278CBE /* StubTurnBasedBattleServerDelegate.swift */; };
		B0A676841FD17FEF00278CBE /* MockTurnBasedBattleServerDataProvider.swift in Sources */ = {isa = PBXBuildFile; fileRef = B0A676831FD17FEF00278CBE /* MockTurnBasedBattleServerDataProvider.swift */; };
		B0A6768C1FD1A1C700278CBE /* TinyTest.swift in Sources */ = {isa = PBXBuildFile; fileRef = B0A6768B1FD1A1C700278CBE /* TinyTest.swift */; };
		B0A676901FD1A6D200278CBE /* MockBattlePlayer.swift in Sources */ = {isa = PBXBuildFile; fileRef = B0A6768F1FD1A6D200278CBE /* MockBattlePlayer.swift */; };
		B0A676921FD1A75300278CBE /* MockBattleRecord.swift in Sources */ = {isa = PBXBuildFile; fileRef = B0A676911FD1A75300278CBE /* MockBattleRecord.swift */; };
		B0EF52C21FD393C80043014F /* Promise+Retry.swift in Sources */ = {isa = PBXBuildFile; fileRef = B0EF52AB1FD393C80043014F /* Promise+Retry.swift */; };
		B0EF52C31FD393C80043014F /* Commons.swift in Sources */ = {isa = PBXBuildFile; fileRef = B0EF52AC1FD393C80043014F /* Commons.swift */; };
		B0EF52C41FD393C80043014F /* Promise+Pass.swift in Sources */ = {isa = PBXBuildFile; fileRef = B0EF52AD1FD393C80043014F /* Promise+Pass.swift */; };
		B0EF52C51FD393C80043014F /* Promise+Reduce.swift in Sources */ = {isa = PBXBuildFile; fileRef = B0EF52AE1FD393C80043014F /* Promise+Reduce.swift */; };
		B0EF52C61FD393C80043014F /* Promise+Recover.swift in Sources */ = {isa = PBXBuildFile; fileRef = B0EF52AF1FD393C80043014F /* Promise+Recover.swift */; };
		B0EF52C71FD393C80043014F /* Promise+Cancel.swift in Sources */ = {isa = PBXBuildFile; fileRef = B0EF52B01FD393C80043014F /* Promise+Cancel.swift */; };
		B0EF52C81FD393C80043014F /* Promise+Catch.swift in Sources */ = {isa = PBXBuildFile; fileRef = B0EF52B11FD393C80043014F /* Promise+Catch.swift */; };
		B0EF52C91FD393C80043014F /* Promise+Async.swift in Sources */ = {isa = PBXBuildFile; fileRef = B0EF52B21FD393C80043014F /* Promise+Async.swift */; };
		B0EF52CA1FD393C80043014F /* Promise+Any.swift in Sources */ = {isa = PBXBuildFile; fileRef = B0EF52B31FD393C80043014F /* Promise+Any.swift */; };
		B0EF52CB1FD393C80043014F /* Promise+Await.swift in Sources */ = {isa = PBXBuildFile; fileRef = B0EF52B41FD393C80043014F /* Promise+Await.swift */; };
		B0EF52CC1FD393C80043014F /* DispatchTimerWrapper.swift in Sources */ = {isa = PBXBuildFile; fileRef = B0EF52B51FD393C80043014F /* DispatchTimerWrapper.swift */; };
		B0EF52CD1FD393C80043014F /* Promise+Defer.swift in Sources */ = {isa = PBXBuildFile; fileRef = B0EF52B61FD393C80043014F /* Promise+Defer.swift */; };
		B0EF52CE1FD393C80043014F /* Promise+Always.swift in Sources */ = {isa = PBXBuildFile; fileRef = B0EF52B71FD393C80043014F /* Promise+Always.swift */; };
		B0EF52CF1FD393C80043014F /* Context.swift in Sources */ = {isa = PBXBuildFile; fileRef = B0EF52B81FD393C80043014F /* Context.swift */; };
		B0EF52D01FD393C80043014F /* Promise+Observer.swift in Sources */ = {isa = PBXBuildFile; fileRef = B0EF52B91FD393C80043014F /* Promise+Observer.swift */; };
		B0EF52D11FD393C80043014F /* Promise+State.swift in Sources */ = {isa = PBXBuildFile; fileRef = B0EF52BA1FD393C80043014F /* Promise+State.swift */; };
		B0EF52D21FD393C80043014F /* Promise+Timeout.swift in Sources */ = {isa = PBXBuildFile; fileRef = B0EF52BB1FD393C80043014F /* Promise+Timeout.swift */; };
		B0EF52D31FD393C80043014F /* Promise+All.swift in Sources */ = {isa = PBXBuildFile; fileRef = B0EF52BC1FD393C80043014F /* Promise+All.swift */; };
		B0EF52D41FD393C80043014F /* Promise.swift in Sources */ = {isa = PBXBuildFile; fileRef = B0EF52BD1FD393C80043014F /* Promise.swift */; };
		B0EF52D51FD393C80043014F /* Promise+Map.swift in Sources */ = {isa = PBXBuildFile; fileRef = B0EF52BE1FD393C80043014F /* Promise+Map.swift */; };
		B0EF52D61FD393C80043014F /* Promise+Zip.swift in Sources */ = {isa = PBXBuildFile; fileRef = B0EF52BF1FD393C80043014F /* Promise+Zip.swift */; };
		B0EF52D71FD393C80043014F /* Promise+Validate.swift in Sources */ = {isa = PBXBuildFile; fileRef = B0EF52C01FD393C80043014F /* Promise+Validate.swift */; };
		B0EF52D81FD393C80043014F /* Promise+Then.swift in Sources */ = {isa = PBXBuildFile; fileRef = B0EF52C11FD393C80043014F /* Promise+Then.swift */; };
/* End PBXBuildFile section */

/* Begin PBXContainerItemProxy section */
		B024ED3B1FD0484200E6DB72 /* PBXContainerItemProxy */ = {
			isa = PBXContainerItemProxy;
			containerPortal = B024ED271FD0484200E6DB72 /* Project object */;
			proxyType = 1;
			remoteGlobalIDString = B024ED2F1FD0484200E6DB72;
			remoteInfo = TinyBattleKit;
		};
/* End PBXContainerItemProxy section */

/* Begin PBXFileReference section */
		B024ED301FD0484200E6DB72 /* TinyBattleKit.framework */ = {isa = PBXFileReference; explicitFileType = wrapper.framework; includeInIndex = 0; path = TinyBattleKit.framework; sourceTree = BUILT_PRODUCTS_DIR; };
		B024ED331FD0484200E6DB72 /* TinyBattleKit.h */ = {isa = PBXFileReference; lastKnownFileType = sourcecode.c.h; path = TinyBattleKit.h; sourceTree = "<group>"; };
		B024ED341FD0484200E6DB72 /* Info.plist */ = {isa = PBXFileReference; lastKnownFileType = text.plist.xml; path = Info.plist; sourceTree = "<group>"; };
		B024ED391FD0484200E6DB72 /* TinyBattleKitTests.xctest */ = {isa = PBXFileReference; explicitFileType = wrapper.cfbundle; includeInIndex = 0; path = TinyBattleKitTests.xctest; sourceTree = BUILT_PRODUCTS_DIR; };
		B024ED401FD0484200E6DB72 /* Info.plist */ = {isa = PBXFileReference; lastKnownFileType = text.plist.xml; path = Info.plist; sourceTree = "<group>"; };
		B024ED4E1FD04D6700E6DB72 /* CalculatorTests.swift */ = {isa = PBXFileReference; lastKnownFileType = sourcecode.swift; path = CalculatorTests.swift; sourceTree = "<group>"; };
		B024ED521FD066E400E6DB72 /* Calculator.swift */ = {isa = PBXFileReference; lastKnownFileType = sourcecode.swift; path = Calculator.swift; sourceTree = "<group>"; };
		B024ED541FD0670600E6DB72 /* AddOperatorProvider.swift */ = {isa = PBXFileReference; lastKnownFileType = sourcecode.swift; path = AddOperatorProvider.swift; sourceTree = "<group>"; };
		B024ED561FD0673600E6DB72 /* CalculatorResult.swift */ = {isa = PBXFileReference; lastKnownFileType = sourcecode.swift; path = CalculatorResult.swift; sourceTree = "<group>"; };
		B024ED581FD0BB8500E6DB72 /* MultiplyOperatorProvider.swift */ = {isa = PBXFileReference; lastKnownFileType = sourcecode.swift; path = MultiplyOperatorProvider.swift; sourceTree = "<group>"; };
		B04272A11FD243E100ED3D74 /* MockBattleTurn.swift */ = {isa = PBXFileReference; lastKnownFileType = sourcecode.swift; path = MockBattleTurn.swift; sourceTree = "<group>"; };
		B08190991FDFA63B00B28743 /* NextTurnBattleRequest.swift */ = {isa = PBXFileReference; lastKnownFileType = sourcecode.swift; path = NextTurnBattleRequest.swift; sourceTree = "<group>"; };
		B081909B1FDFA69000B28743 /* NextTurnBattleRequestResponder.swift */ = {isa = PBXFileReference; lastKnownFileType = sourcecode.swift; path = NextTurnBattleRequestResponder.swift; sourceTree = "<group>"; };
		B0885DCF1FDA3A3C00629629 /* BattleAction.swift */ = {isa = PBXFileReference; fileEncoding = 4; lastKnownFileType = sourcecode.swift; path = BattleAction.swift; sourceTree = "<group>"; };
		B0885DD01FDA3A3C00629629 /* BattlePlayer.swift */ = {isa = PBXFileReference; fileEncoding = 4; lastKnownFileType = sourcecode.swift; path = BattlePlayer.swift; sourceTree = "<group>"; };
		B0885DD11FDA3A3C00629629 /* BattleActionProvider.swift */ = {isa = PBXFileReference; fileEncoding = 4; lastKnownFileType = sourcecode.swift; path = BattleActionProvider.swift; sourceTree = "<group>"; };
		B0885DD21FDA3A3C00629629 /* BattleActionResponder.swift */ = {isa = PBXFileReference; fileEncoding = 4; lastKnownFileType = sourcecode.swift; path = BattleActionResponder.swift; sourceTree = "<group>"; };
		B0885DD31FDA3A3C00629629 /* BattleEntity.swift */ = {isa = PBXFileReference; fileEncoding = 4; lastKnownFileType = sourcecode.swift; path = BattleEntity.swift; sourceTree = "<group>"; };
		B0885DD51FDA3A3C00629629 /* BattleReady.swift */ = {isa = PBXFileReference; fileEncoding = 4; lastKnownFileType = sourcecode.swift; path = BattleReady.swift; sourceTree = "<group>"; };
		B0885DD61FDA3A3C00629629 /* JoinedBattleRequest.swift */ = {isa = PBXFileReference; fileEncoding = 4; lastKnownFileType = sourcecode.swift; path = JoinedBattleRequest.swift; sourceTree = "<group>"; };
		B0885DD71FDA3A3C00629629 /* TurnBasedBattleServer.swift */ = {isa = PBXFileReference; fileEncoding = 4; lastKnownFileType = sourcecode.swift; path = TurnBasedBattleServer.swift; sourceTree = "<group>"; };
		B0885DD81FDA3A3C00629629 /* TurnBasedBattle.swift */ = {isa = PBXFileReference; fileEncoding = 4; lastKnownFileType = sourcecode.swift; path = TurnBasedBattle.swift; sourceTree = "<group>"; };
		B0885DD91FDA3A3C00629629 /* BattleInvolved.swift */ = {isa = PBXFileReference; fileEncoding = 4; lastKnownFileType = sourcecode.swift; path = BattleInvolved.swift; sourceTree = "<group>"; };
		B0885DDA1FDA3A3C00629629 /* TurnBasedBattleServerDataProvider.swift */ = {isa = PBXFileReference; fileEncoding = 4; lastKnownFileType = sourcecode.swift; path = TurnBasedBattleServerDataProvider.swift; sourceTree = "<group>"; };
		B0885DDB1FDA3A3C00629629 /* TurnBasedBattleServerError.swift */ = {isa = PBXFileReference; fileEncoding = 4; lastKnownFileType = sourcecode.swift; path = TurnBasedBattleServerError.swift; sourceTree = "<group>"; };
		B0885DDC1FDA3A3C00629629 /* InvolvedBattleRequest.swift */ = {isa = PBXFileReference; fileEncoding = 4; lastKnownFileType = sourcecode.swift; path = InvolvedBattleRequest.swift; sourceTree = "<group>"; };
		B0885DDD1FDA3A3C00629629 /* ContinueBattleRequest.swift */ = {isa = PBXFileReference; fileEncoding = 4; lastKnownFileType = sourcecode.swift; path = ContinueBattleRequest.swift; sourceTree = "<group>"; };
		B0885DDE1FDA3A3C00629629 /* TurnBasedBattleServerState.swift */ = {isa = PBXFileReference; fileEncoding = 4; lastKnownFileType = sourcecode.swift; path = TurnBasedBattleServerState.swift; sourceTree = "<group>"; };
		B0885DDF1FDA3A3C00629629 /* DefaultBattleActionAnimator.swift */ = {isa = PBXFileReference; fileEncoding = 4; lastKnownFileType = sourcecode.swift; path = DefaultBattleActionAnimator.swift; sourceTree = "<group>"; };
		B0885DE01FDA3A3C00629629 /* TurnBasedBattleServerStateMachine.swift */ = {isa = PBXFileReference; fileEncoding = 4; lastKnownFileType = sourcecode.swift; path = TurnBasedBattleServerStateMachine.swift; sourceTree = "<group>"; };
		B0885DE11FDA3A3C00629629 /* ReadyBattleRequest.swift */ = {isa = PBXFileReference; fileEncoding = 4; lastKnownFileType = sourcecode.swift; path = ReadyBattleRequest.swift; sourceTree = "<group>"; };
		B0885DE21FDA3A3C00629629 /* TurnBasedBattleRecord.swift */ = {isa = PBXFileReference; fileEncoding = 4; lastKnownFileType = sourcecode.swift; path = TurnBasedBattleRecord.swift; sourceTree = "<group>"; };
		B0885DE31FDA3A3C00629629 /* TurnBasedBattleTurn.swift */ = {isa = PBXFileReference; fileEncoding = 4; lastKnownFileType = sourcecode.swift; path = TurnBasedBattleTurn.swift; sourceTree = "<group>"; };
		B0885DE41FDA3A3C00629629 /* BattleJoined.swift */ = {isa = PBXFileReference; fileEncoding = 4; lastKnownFileType = sourcecode.swift; path = BattleJoined.swift; sourceTree = "<group>"; };
		B0885DE51FDA3A3C00629629 /* BattleActionAnimatorContext.swift */ = {isa = PBXFileReference; fileEncoding = 4; lastKnownFileType = sourcecode.swift; path = BattleActionAnimatorContext.swift; sourceTree = "<group>"; };
		B0885DE71FDA3A3C00629629 /* AnyBattleActionProvider.swift */ = {isa = PBXFileReference; fileEncoding = 4; lastKnownFileType = sourcecode.swift; path = AnyBattleActionProvider.swift; sourceTree = "<group>"; };
		B0885DE81FDA3A3C00629629 /* BattleActionAnimator.swift */ = {isa = PBXFileReference; fileEncoding = 4; lastKnownFileType = sourcecode.swift; path = BattleActionAnimator.swift; sourceTree = "<group>"; };
		B0885DE91FDA3A3C00629629 /* BattleResult.swift */ = {isa = PBXFileReference; fileEncoding = 4; lastKnownFileType = sourcecode.swift; path = BattleResult.swift; sourceTree = "<group>"; };
		B0885DEA1FDA3A3C00629629 /* BattleServer.swift */ = {isa = PBXFileReference; fileEncoding = 4; lastKnownFileType = sourcecode.swift; path = BattleServer.swift; sourceTree = "<group>"; };
		B0885DEB1FDA3A3C00629629 /* BattleRequest.swift */ = {isa = PBXFileReference; fileEncoding = 4; lastKnownFileType = sourcecode.swift; path = BattleRequest.swift; sourceTree = "<group>"; };
		B0885E081FDA42BA00629629 /* PlayerJoinBattleRequestResponder.swift */ = {isa = PBXFileReference; lastKnownFileType = sourcecode.swift; path = PlayerJoinBattleRequestResponder.swift; sourceTree = "<group>"; };
		B0885E0A1FDA47B700629629 /* BattleResponse.swift */ = {isa = PBXFileReference; lastKnownFileType = sourcecode.swift; path = BattleResponse.swift; sourceTree = "<group>"; };
		B0885E0C1FDA54F500629629 /* MockBattleJoined.swift */ = {isa = PBXFileReference; lastKnownFileType = sourcecode.swift; path = MockBattleJoined.swift; sourceTree = "<group>"; };
		B0885E0E1FDA569100629629 /* PlayerReadyBattleRequestResponder.swift */ = {isa = PBXFileReference; lastKnownFileType = sourcecode.swift; path = PlayerReadyBattleRequestResponder.swift; sourceTree = "<group>"; };
		B0885E101FDA56DF00629629 /* TurnBasedBattleResponse.swift */ = {isa = PBXFileReference; lastKnownFileType = sourcecode.swift; path = TurnBasedBattleResponse.swift; sourceTree = "<group>"; };
		B0885E121FDA582600629629 /* MockBattleReady.swift */ = {isa = PBXFileReference; lastKnownFileType = sourcecode.swift; path = MockBattleReady.swift; sourceTree = "<group>"; };
		B0885E141FDA5E7300629629 /* ContinueBattleRequestResponder.swift */ = {isa = PBXFileReference; lastKnownFileType = sourcecode.swift; path = ContinueBattleRequestResponder.swift; sourceTree = "<group>"; };
		B0885E161FDA626A00629629 /* PlayerInvolveBattleRequestResponder.swift */ = {isa = PBXFileReference; lastKnownFileType = sourcecode.swift; path = PlayerInvolveBattleRequestResponder.swift; sourceTree = "<group>"; };
		B0885E181FDA63A900629629 /* MockBattleInvolved.swift */ = {isa = PBXFileReference; lastKnownFileType = sourcecode.swift; path = MockBattleInvolved.swift; sourceTree = "<group>"; };
		B0A676741FD1710C00278CBE /* TurnBasedBattleServerTests.swift */ = {isa = PBXFileReference; lastKnownFileType = sourcecode.swift; path = TurnBasedBattleServerTests.swift; sourceTree = "<group>"; };
		B0A6767C1FD1745D00278CBE /* StubTurnBasedBattleServerDelegate.swift */ = {isa = PBXFileReference; lastKnownFileType = sourcecode.swift; path = StubTurnBasedBattleServerDelegate.swift; sourceTree = "<group>"; };
		B0A676831FD17FEF00278CBE /* MockTurnBasedBattleServerDataProvider.swift */ = {isa = PBXFileReference; lastKnownFileType = sourcecode.swift; path = MockTurnBasedBattleServerDataProvider.swift; sourceTree = "<group>"; };
		B0A6768B1FD1A1C700278CBE /* TinyTest.swift */ = {isa = PBXFileReference; fileEncoding = 4; lastKnownFileType = sourcecode.swift; path = TinyTest.swift; sourceTree = "<group>"; };
		B0A6768F1FD1A6D200278CBE /* MockBattlePlayer.swift */ = {isa = PBXFileReference; lastKnownFileType = sourcecode.swift; path = MockBattlePlayer.swift; sourceTree = "<group>"; };
		B0A676911FD1A75300278CBE /* MockBattleRecord.swift */ = {isa = PBXFileReference; lastKnownFileType = sourcecode.swift; path = MockBattleRecord.swift; sourceTree = "<group>"; };
		B0EF52AB1FD393C80043014F /* Promise+Retry.swift */ = {isa = PBXFileReference; fileEncoding = 4; lastKnownFileType = sourcecode.swift; path = "Promise+Retry.swift"; sourceTree = "<group>"; };
		B0EF52AC1FD393C80043014F /* Commons.swift */ = {isa = PBXFileReference; fileEncoding = 4; lastKnownFileType = sourcecode.swift; path = Commons.swift; sourceTree = "<group>"; };
		B0EF52AD1FD393C80043014F /* Promise+Pass.swift */ = {isa = PBXFileReference; fileEncoding = 4; lastKnownFileType = sourcecode.swift; path = "Promise+Pass.swift"; sourceTree = "<group>"; };
		B0EF52AE1FD393C80043014F /* Promise+Reduce.swift */ = {isa = PBXFileReference; fileEncoding = 4; lastKnownFileType = sourcecode.swift; path = "Promise+Reduce.swift"; sourceTree = "<group>"; };
		B0EF52AF1FD393C80043014F /* Promise+Recover.swift */ = {isa = PBXFileReference; fileEncoding = 4; lastKnownFileType = sourcecode.swift; path = "Promise+Recover.swift"; sourceTree = "<group>"; };
		B0EF52B01FD393C80043014F /* Promise+Cancel.swift */ = {isa = PBXFileReference; fileEncoding = 4; lastKnownFileType = sourcecode.swift; path = "Promise+Cancel.swift"; sourceTree = "<group>"; };
		B0EF52B11FD393C80043014F /* Promise+Catch.swift */ = {isa = PBXFileReference; fileEncoding = 4; lastKnownFileType = sourcecode.swift; path = "Promise+Catch.swift"; sourceTree = "<group>"; };
		B0EF52B21FD393C80043014F /* Promise+Async.swift */ = {isa = PBXFileReference; fileEncoding = 4; lastKnownFileType = sourcecode.swift; path = "Promise+Async.swift"; sourceTree = "<group>"; };
		B0EF52B31FD393C80043014F /* Promise+Any.swift */ = {isa = PBXFileReference; fileEncoding = 4; lastKnownFileType = sourcecode.swift; path = "Promise+Any.swift"; sourceTree = "<group>"; };
		B0EF52B41FD393C80043014F /* Promise+Await.swift */ = {isa = PBXFileReference; fileEncoding = 4; lastKnownFileType = sourcecode.swift; path = "Promise+Await.swift"; sourceTree = "<group>"; };
		B0EF52B51FD393C80043014F /* DispatchTimerWrapper.swift */ = {isa = PBXFileReference; fileEncoding = 4; lastKnownFileType = sourcecode.swift; path = DispatchTimerWrapper.swift; sourceTree = "<group>"; };
		B0EF52B61FD393C80043014F /* Promise+Defer.swift */ = {isa = PBXFileReference; fileEncoding = 4; lastKnownFileType = sourcecode.swift; path = "Promise+Defer.swift"; sourceTree = "<group>"; };
		B0EF52B71FD393C80043014F /* Promise+Always.swift */ = {isa = PBXFileReference; fileEncoding = 4; lastKnownFileType = sourcecode.swift; path = "Promise+Always.swift"; sourceTree = "<group>"; };
		B0EF52B81FD393C80043014F /* Context.swift */ = {isa = PBXFileReference; fileEncoding = 4; lastKnownFileType = sourcecode.swift; path = Context.swift; sourceTree = "<group>"; };
		B0EF52B91FD393C80043014F /* Promise+Observer.swift */ = {isa = PBXFileReference; fileEncoding = 4; lastKnownFileType = sourcecode.swift; path = "Promise+Observer.swift"; sourceTree = "<group>"; };
		B0EF52BA1FD393C80043014F /* Promise+State.swift */ = {isa = PBXFileReference; fileEncoding = 4; lastKnownFileType = sourcecode.swift; path = "Promise+State.swift"; sourceTree = "<group>"; };
		B0EF52BB1FD393C80043014F /* Promise+Timeout.swift */ = {isa = PBXFileReference; fileEncoding = 4; lastKnownFileType = sourcecode.swift; path = "Promise+Timeout.swift"; sourceTree = "<group>"; };
		B0EF52BC1FD393C80043014F /* Promise+All.swift */ = {isa = PBXFileReference; fileEncoding = 4; lastKnownFileType = sourcecode.swift; path = "Promise+All.swift"; sourceTree = "<group>"; };
		B0EF52BD1FD393C80043014F /* Promise.swift */ = {isa = PBXFileReference; fileEncoding = 4; lastKnownFileType = sourcecode.swift; path = Promise.swift; sourceTree = "<group>"; };
		B0EF52BE1FD393C80043014F /* Promise+Map.swift */ = {isa = PBXFileReference; fileEncoding = 4; lastKnownFileType = sourcecode.swift; path = "Promise+Map.swift"; sourceTree = "<group>"; };
		B0EF52BF1FD393C80043014F /* Promise+Zip.swift */ = {isa = PBXFileReference; fileEncoding = 4; lastKnownFileType = sourcecode.swift; path = "Promise+Zip.swift"; sourceTree = "<group>"; };
		B0EF52C01FD393C80043014F /* Promise+Validate.swift */ = {isa = PBXFileReference; fileEncoding = 4; lastKnownFileType = sourcecode.swift; path = "Promise+Validate.swift"; sourceTree = "<group>"; };
		B0EF52C11FD393C80043014F /* Promise+Then.swift */ = {isa = PBXFileReference; fileEncoding = 4; lastKnownFileType = sourcecode.swift; path = "Promise+Then.swift"; sourceTree = "<group>"; };
/* End PBXFileReference section */

/* Begin PBXFrameworksBuildPhase section */
		B024ED2C1FD0484200E6DB72 /* Frameworks */ = {
			isa = PBXFrameworksBuildPhase;
			buildActionMask = 2147483647;
			files = (
			);
			runOnlyForDeploymentPostprocessing = 0;
		};
		B024ED361FD0484200E6DB72 /* Frameworks */ = {
			isa = PBXFrameworksBuildPhase;
			buildActionMask = 2147483647;
			files = (
				B024ED3A1FD0484200E6DB72 /* TinyBattleKit.framework in Frameworks */,
			);
			runOnlyForDeploymentPostprocessing = 0;
		};
/* End PBXFrameworksBuildPhase section */

/* Begin PBXGroup section */
		B024ED261FD0484200E6DB72 = {
			isa = PBXGroup;
			children = (
				B024ED321FD0484200E6DB72 /* TinyBattleKit */,
				B024ED3D1FD0484200E6DB72 /* TinyBattleKitTests */,
				B024ED311FD0484200E6DB72 /* Products */,
			);
			sourceTree = "<group>";
		};
		B024ED311FD0484200E6DB72 /* Products */ = {
			isa = PBXGroup;
			children = (
				B024ED301FD0484200E6DB72 /* TinyBattleKit.framework */,
				B024ED391FD0484200E6DB72 /* TinyBattleKitTests.xctest */,
			);
			name = Products;
			sourceTree = "<group>";
		};
		B024ED321FD0484200E6DB72 /* TinyBattleKit */ = {
			isa = PBXGroup;
			children = (
				B0EF52A91FD393B80043014F /* Library */,
				B0A0EC391FD0F00700F2CAD8 /* Battle */,
				B024ED331FD0484200E6DB72 /* TinyBattleKit.h */,
				B024ED341FD0484200E6DB72 /* Info.plist */,
			);
			path = TinyBattleKit;
			sourceTree = "<group>";
		};
		B024ED3D1FD0484200E6DB72 /* TinyBattleKitTests */ = {
			isa = PBXGroup;
			children = (
				B0A676891FD1A1AF00278CBE /* Library */,
				B0A676731FD170F900278CBE /* Server */,
				B0A0EC381FD0EFDD00F2CAD8 /* Calculator */,
				B024ED401FD0484200E6DB72 /* Info.plist */,
			);
			path = TinyBattleKitTests;
			sourceTree = "<group>";
		};
		B0885DD41FDA3A3C00629629 /* Turn Based */ = {
			isa = PBXGroup;
			children = (
				B0885DE41FDA3A3C00629629 /* BattleJoined.swift */,
				B0885DD51FDA3A3C00629629 /* BattleReady.swift */,
				B0885DD91FDA3A3C00629629 /* BattleInvolved.swift */,
				B0885DD61FDA3A3C00629629 /* JoinedBattleRequest.swift */,
				B0885DE11FDA3A3C00629629 /* ReadyBattleRequest.swift */,
				B0885DDC1FDA3A3C00629629 /* InvolvedBattleRequest.swift */,
				B0885DDD1FDA3A3C00629629 /* ContinueBattleRequest.swift */,
				B08190991FDFA63B00B28743 /* NextTurnBattleRequest.swift */,
				B0885E101FDA56DF00629629 /* TurnBasedBattleResponse.swift */,
				B0885E081FDA42BA00629629 /* PlayerJoinBattleRequestResponder.swift */,
				B0885E0E1FDA569100629629 /* PlayerReadyBattleRequestResponder.swift */,
				B0885E161FDA626A00629629 /* PlayerInvolveBattleRequestResponder.swift */,
				B0885E141FDA5E7300629629 /* ContinueBattleRequestResponder.swift */,
				B081909B1FDFA69000B28743 /* NextTurnBattleRequestResponder.swift */,
				B0885DD81FDA3A3C00629629 /* TurnBasedBattle.swift */,
				B0885DD71FDA3A3C00629629 /* TurnBasedBattleServer.swift */,
				B0885DDA1FDA3A3C00629629 /* TurnBasedBattleServerDataProvider.swift */,
				B0885DDB1FDA3A3C00629629 /* TurnBasedBattleServerError.swift */,
				B0885DDE1FDA3A3C00629629 /* TurnBasedBattleServerState.swift */,
				B0885DE01FDA3A3C00629629 /* TurnBasedBattleServerStateMachine.swift */,
				B0885DE21FDA3A3C00629629 /* TurnBasedBattleRecord.swift */,
				B0885DE31FDA3A3C00629629 /* TurnBasedBattleTurn.swift */,
			);
			path = "Turn Based";
			sourceTree = "<group>";
		};
		B0A0EC381FD0EFDD00F2CAD8 /* Calculator */ = {
			isa = PBXGroup;
			children = (
				B024ED521FD066E400E6DB72 /* Calculator.swift */,
				B024ED561FD0673600E6DB72 /* CalculatorResult.swift */,
				B024ED541FD0670600E6DB72 /* AddOperatorProvider.swift */,
				B024ED581FD0BB8500E6DB72 /* MultiplyOperatorProvider.swift */,
				B024ED4E1FD04D6700E6DB72 /* CalculatorTests.swift */,
			);
			path = Calculator;
			sourceTree = "<group>";
		};
		B0A0EC391FD0F00700F2CAD8 /* Battle */ = {
			isa = PBXGroup;
			children = (
				B0885DD41FDA3A3C00629629 /* Turn Based */,
				B0885DD01FDA3A3C00629629 /* BattlePlayer.swift */,
				B0885DD31FDA3A3C00629629 /* BattleEntity.swift */,
				B0885DCF1FDA3A3C00629629 /* BattleAction.swift */,
				B0885DE81FDA3A3C00629629 /* BattleActionAnimator.swift */,
				B0885DE51FDA3A3C00629629 /* BattleActionAnimatorContext.swift */,
				B0885DD11FDA3A3C00629629 /* BattleActionProvider.swift */,
				B0885DD21FDA3A3C00629629 /* BattleActionResponder.swift */,
				B0885DE91FDA3A3C00629629 /* BattleResult.swift */,
				B0885DEA1FDA3A3C00629629 /* BattleServer.swift */,
				B0885DEB1FDA3A3C00629629 /* BattleRequest.swift */,
				B0885E0A1FDA47B700629629 /* BattleResponse.swift */,
				B0885DE71FDA3A3C00629629 /* AnyBattleActionProvider.swift */,
				B0885DDF1FDA3A3C00629629 /* DefaultBattleActionAnimator.swift */,
			);
			path = Battle;
			sourceTree = "<group>";
		};
		B0A676731FD170F900278CBE /* Server */ = {
			isa = PBXGroup;
			children = (
				B0A6767C1FD1745D00278CBE /* StubTurnBasedBattleServerDelegate.swift */,
				B0A6768F1FD1A6D200278CBE /* MockBattlePlayer.swift */,
				B0885E0C1FDA54F500629629 /* MockBattleJoined.swift */,
				B0885E121FDA582600629629 /* MockBattleReady.swift */,
				B0885E181FDA63A900629629 /* MockBattleInvolved.swift */,
				B0A676911FD1A75300278CBE /* MockBattleRecord.swift */,
				B04272A11FD243E100ED3D74 /* MockBattleTurn.swift */,
				B0A676831FD17FEF00278CBE /* MockTurnBasedBattleServerDataProvider.swift */,
				B0A676741FD1710C00278CBE /* TurnBasedBattleServerTests.swift */,
			);
			path = Server;
			sourceTree = "<group>";
		};
		B0A676891FD1A1AF00278CBE /* Library */ = {
			isa = PBXGroup;
			children = (
				B0A6768A1FD1A1B700278CBE /* TinyTest */,
			);
			path = Library;
			sourceTree = "<group>";
		};
		B0A6768A1FD1A1B700278CBE /* TinyTest */ = {
			isa = PBXGroup;
			children = (
				B0A6768B1FD1A1C700278CBE /* TinyTest.swift */,
			);
			path = TinyTest;
			sourceTree = "<group>";
		};
		B0EF52A91FD393B80043014F /* Library */ = {
			isa = PBXGroup;
			children = (
				B0EF52AA1FD393C80043014F /* Hydra */,
			);
			path = Library;
			sourceTree = "<group>";
		};
		B0EF52AA1FD393C80043014F /* Hydra */ = {
			isa = PBXGroup;
			children = (
				B0EF52AB1FD393C80043014F /* Promise+Retry.swift */,
				B0EF52AC1FD393C80043014F /* Commons.swift */,
				B0EF52AD1FD393C80043014F /* Promise+Pass.swift */,
				B0EF52AE1FD393C80043014F /* Promise+Reduce.swift */,
				B0EF52AF1FD393C80043014F /* Promise+Recover.swift */,
				B0EF52B01FD393C80043014F /* Promise+Cancel.swift */,
				B0EF52B11FD393C80043014F /* Promise+Catch.swift */,
				B0EF52B21FD393C80043014F /* Promise+Async.swift */,
				B0EF52B31FD393C80043014F /* Promise+Any.swift */,
				B0EF52B41FD393C80043014F /* Promise+Await.swift */,
				B0EF52B51FD393C80043014F /* DispatchTimerWrapper.swift */,
				B0EF52B61FD393C80043014F /* Promise+Defer.swift */,
				B0EF52B71FD393C80043014F /* Promise+Always.swift */,
				B0EF52B81FD393C80043014F /* Context.swift */,
				B0EF52B91FD393C80043014F /* Promise+Observer.swift */,
				B0EF52BA1FD393C80043014F /* Promise+State.swift */,
				B0EF52BB1FD393C80043014F /* Promise+Timeout.swift */,
				B0EF52BC1FD393C80043014F /* Promise+All.swift */,
				B0EF52BD1FD393C80043014F /* Promise.swift */,
				B0EF52BE1FD393C80043014F /* Promise+Map.swift */,
				B0EF52BF1FD393C80043014F /* Promise+Zip.swift */,
				B0EF52C01FD393C80043014F /* Promise+Validate.swift */,
				B0EF52C11FD393C80043014F /* Promise+Then.swift */,
			);
			path = Hydra;
			sourceTree = "<group>";
		};
/* End PBXGroup section */

/* Begin PBXHeadersBuildPhase section */
		B024ED2D1FD0484200E6DB72 /* Headers */ = {
			isa = PBXHeadersBuildPhase;
			buildActionMask = 2147483647;
			files = (
				B024ED411FD0484200E6DB72 /* TinyBattleKit.h in Headers */,
			);
			runOnlyForDeploymentPostprocessing = 0;
		};
/* End PBXHeadersBuildPhase section */

/* Begin PBXNativeTarget section */
		B024ED2F1FD0484200E6DB72 /* TinyBattleKit */ = {
			isa = PBXNativeTarget;
			buildConfigurationList = B024ED441FD0484200E6DB72 /* Build configuration list for PBXNativeTarget "TinyBattleKit" */;
			buildPhases = (
				B024ED2B1FD0484200E6DB72 /* Sources */,
				B024ED2C1FD0484200E6DB72 /* Frameworks */,
				B024ED2D1FD0484200E6DB72 /* Headers */,
				B024ED2E1FD0484200E6DB72 /* Resources */,
			);
			buildRules = (
			);
			dependencies = (
			);
			name = TinyBattleKit;
			productName = TinyBattleKit;
			productReference = B024ED301FD0484200E6DB72 /* TinyBattleKit.framework */;
			productType = "com.apple.product-type.framework";
		};
		B024ED381FD0484200E6DB72 /* TinyBattleKitTests */ = {
			isa = PBXNativeTarget;
			buildConfigurationList = B024ED471FD0484200E6DB72 /* Build configuration list for PBXNativeTarget "TinyBattleKitTests" */;
			buildPhases = (
				B024ED351FD0484200E6DB72 /* Sources */,
				B024ED361FD0484200E6DB72 /* Frameworks */,
				B024ED371FD0484200E6DB72 /* Resources */,
			);
			buildRules = (
			);
			dependencies = (
				B024ED3C1FD0484200E6DB72 /* PBXTargetDependency */,
			);
			name = TinyBattleKitTests;
			productName = TinyBattleKitTests;
			productReference = B024ED391FD0484200E6DB72 /* TinyBattleKitTests.xctest */;
			productType = "com.apple.product-type.bundle.unit-test";
		};
/* End PBXNativeTarget section */

/* Begin PBXProject section */
		B024ED271FD0484200E6DB72 /* Project object */ = {
			isa = PBXProject;
			attributes = {
				LastSwiftUpdateCheck = 0910;
				LastUpgradeCheck = 0910;
				ORGANIZATIONNAME = TinyWorld;
				TargetAttributes = {
					B024ED2F1FD0484200E6DB72 = {
						CreatedOnToolsVersion = 9.1;
						LastSwiftMigration = 0910;
						ProvisioningStyle = Automatic;
					};
					B024ED381FD0484200E6DB72 = {
						CreatedOnToolsVersion = 9.1;
						LastSwiftMigration = 0910;
						ProvisioningStyle = Automatic;
					};
				};
			};
			buildConfigurationList = B024ED2A1FD0484200E6DB72 /* Build configuration list for PBXProject "TinyBattleKit" */;
			compatibilityVersion = "Xcode 8.0";
			developmentRegion = en;
			hasScannedForEncodings = 0;
			knownRegions = (
				en,
			);
			mainGroup = B024ED261FD0484200E6DB72;
			productRefGroup = B024ED311FD0484200E6DB72 /* Products */;
			projectDirPath = "";
			projectRoot = "";
			targets = (
				B024ED2F1FD0484200E6DB72 /* TinyBattleKit */,
				B024ED381FD0484200E6DB72 /* TinyBattleKitTests */,
			);
		};
/* End PBXProject section */

/* Begin PBXResourcesBuildPhase section */
		B024ED2E1FD0484200E6DB72 /* Resources */ = {
			isa = PBXResourcesBuildPhase;
			buildActionMask = 2147483647;
			files = (
			);
			runOnlyForDeploymentPostprocessing = 0;
		};
		B024ED371FD0484200E6DB72 /* Resources */ = {
			isa = PBXResourcesBuildPhase;
			buildActionMask = 2147483647;
			files = (
			);
			runOnlyForDeploymentPostprocessing = 0;
		};
/* End PBXResourcesBuildPhase section */

/* Begin PBXSourcesBuildPhase section */
		B024ED2B1FD0484200E6DB72 /* Sources */ = {
			isa = PBXSourcesBuildPhase;
			buildActionMask = 2147483647;
			files = (
				B0885DFF1FDA3A3C00629629 /* TurnBasedBattleTurn.swift in Sources */,
				B0885E171FDA626A00629629 /* PlayerInvolveBattleRequestResponder.swift in Sources */,
				B081909A1FDFA63B00B28743 /* NextTurnBattleRequest.swift in Sources */,
				B0EF52C91FD393C80043014F /* Promise+Async.swift in Sources */,
				B0EF52CB1FD393C80043014F /* Promise+Await.swift in Sources */,
				B0885E111FDA56DF00629629 /* TurnBasedBattleResponse.swift in Sources */,
				B0885DF61FDA3A3C00629629 /* TurnBasedBattleServerDataProvider.swift in Sources */,
				B0EF52D51FD393C80043014F /* Promise+Map.swift in Sources */,
				B0885DEF1FDA3A3C00629629 /* BattleActionResponder.swift in Sources */,
				B0EF52D61FD393C80043014F /* Promise+Zip.swift in Sources */,
				B0885DEE1FDA3A3C00629629 /* BattleActionProvider.swift in Sources */,
				B0885DF21FDA3A3C00629629 /* JoinedBattleRequest.swift in Sources */,
				B0EF52C41FD393C80043014F /* Promise+Pass.swift in Sources */,
				B0885E051FDA3A3C00629629 /* BattleResult.swift in Sources */,
				B0EF52C21FD393C80043014F /* Promise+Retry.swift in Sources */,
				B0885E031FDA3A3C00629629 /* AnyBattleActionProvider.swift in Sources */,
				B0EF52CE1FD393C80043014F /* Promise+Always.swift in Sources */,
				B0885DFC1FDA3A3C00629629 /* TurnBasedBattleServerStateMachine.swift in Sources */,
				B0EF52C61FD393C80043014F /* Promise+Recover.swift in Sources */,
				B0EF52C51FD393C80043014F /* Promise+Reduce.swift in Sources */,
				B0885DF91FDA3A3C00629629 /* ContinueBattleRequest.swift in Sources */,
				B0EF52D21FD393C80043014F /* Promise+Timeout.swift in Sources */,
				B0EF52C31FD393C80043014F /* Commons.swift in Sources */,
				B0885DFD1FDA3A3C00629629 /* ReadyBattleRequest.swift in Sources */,
				B0885DF71FDA3A3C00629629 /* TurnBasedBattleServerError.swift in Sources */,
				B0EF52CF1FD393C80043014F /* Context.swift in Sources */,
				B0EF52D01FD393C80043014F /* Promise+Observer.swift in Sources */,
				B0EF52CA1FD393C80043014F /* Promise+Any.swift in Sources */,
				B0EF52D31FD393C80043014F /* Promise+All.swift in Sources */,
				B0885E041FDA3A3C00629629 /* BattleActionAnimator.swift in Sources */,
				B0885DEC1FDA3A3C00629629 /* BattleAction.swift in Sources */,
				B0885DF01FDA3A3C00629629 /* BattleEntity.swift in Sources */,
				B0885DF41FDA3A3C00629629 /* TurnBasedBattle.swift in Sources */,
				B0EF52D41FD393C80043014F /* Promise.swift in Sources */,
				B0885DF81FDA3A3C00629629 /* InvolvedBattleRequest.swift in Sources */,
				B0EF52CC1FD393C80043014F /* DispatchTimerWrapper.swift in Sources */,
				B0885E151FDA5E7300629629 /* ContinueBattleRequestResponder.swift in Sources */,
				B0885E061FDA3A3C00629629 /* BattleServer.swift in Sources */,
				B081909C1FDFA69000B28743 /* NextTurnBattleRequestResponder.swift in Sources */,
				B0EF52C81FD393C80043014F /* Promise+Catch.swift in Sources */,
				B0885DF31FDA3A3C00629629 /* TurnBasedBattleServer.swift in Sources */,
				B0885E001FDA3A3C00629629 /* BattleJoined.swift in Sources */,
				B0885DFE1FDA3A3C00629629 /* TurnBasedBattleRecord.swift in Sources */,
				B0885DFB1FDA3A3C00629629 /* DefaultBattleActionAnimator.swift in Sources */,
				B0885DED1FDA3A3C00629629 /* BattlePlayer.swift in Sources */,
				B0EF52D11FD393C80043014F /* Promise+State.swift in Sources */,
				B0EF52C71FD393C80043014F /* Promise+Cancel.swift in Sources */,
				B0EF52D81FD393C80043014F /* Promise+Then.swift in Sources */,
				B0885E011FDA3A3C00629629 /* BattleActionAnimatorContext.swift in Sources */,
				B0885E091FDA42BA00629629 /* PlayerJoinBattleRequestResponder.swift in Sources */,
				B0885E0B1FDA47B700629629 /* BattleResponse.swift in Sources */,
				B0885E0F1FDA569100629629 /* PlayerReadyBattleRequestResponder.swift in Sources */,
				B0EF52CD1FD393C80043014F /* Promise+Defer.swift in Sources */,
				B0885E071FDA3A3D00629629 /* BattleRequest.swift in Sources */,
				B0885DFA1FDA3A3C00629629 /* TurnBasedBattleServerState.swift in Sources */,
				B0EF52D71FD393C80043014F /* Promise+Validate.swift in Sources */,
				B0885DF11FDA3A3C00629629 /* BattleReady.swift in Sources */,
				B0885DF51FDA3A3C00629629 /* BattleInvolved.swift in Sources */,
			);
			runOnlyForDeploymentPostprocessing = 0;
		};
		B024ED351FD0484200E6DB72 /* Sources */ = {
			isa = PBXSourcesBuildPhase;
			buildActionMask = 2147483647;
			files = (
				B0885E0D1FDA54F500629629 /* MockBattleJoined.swift in Sources */,
				B0A676901FD1A6D200278CBE /* MockBattlePlayer.swift in Sources */,
				B0885E131FDA582600629629 /* MockBattleReady.swift in Sources */,
				B0A676841FD17FEF00278CBE /* MockTurnBasedBattleServerDataProvider.swift in Sources */,
				B024ED4F1FD04D6700E6DB72 /* CalculatorTests.swift in Sources */,
				B0A6768C1FD1A1C700278CBE /* TinyTest.swift in Sources */,
				B024ED531FD066E400E6DB72 /* Calculator.swift in Sources */,
				B0A676921FD1A75300278CBE /* MockBattleRecord.swift in Sources */,
				B04272A21FD243E100ED3D74 /* MockBattleTurn.swift in Sources */,
				B0A6767D1FD1745D00278CBE /* StubTurnBasedBattleServerDelegate.swift in Sources */,
				B024ED591FD0BB8500E6DB72 /* MultiplyOperatorProvider.swift in Sources */,
				B0885E191FDA63A900629629 /* MockBattleInvolved.swift in Sources */,
				B024ED571FD0673600E6DB72 /* CalculatorResult.swift in Sources */,
				B0A676751FD1710C00278CBE /* TurnBasedBattleServerTests.swift in Sources */,
				B024ED551FD0670600E6DB72 /* AddOperatorProvider.swift in Sources */,
			);
			runOnlyForDeploymentPostprocessing = 0;
		};
/* End PBXSourcesBuildPhase section */

/* Begin PBXTargetDependency section */
		B024ED3C1FD0484200E6DB72 /* PBXTargetDependency */ = {
			isa = PBXTargetDependency;
			target = B024ED2F1FD0484200E6DB72 /* TinyBattleKit */;
			targetProxy = B024ED3B1FD0484200E6DB72 /* PBXContainerItemProxy */;
		};
/* End PBXTargetDependency section */

/* Begin XCBuildConfiguration section */
		B024ED421FD0484200E6DB72 /* Debug */ = {
			isa = XCBuildConfiguration;
			buildSettings = {
				ALWAYS_SEARCH_USER_PATHS = NO;
				CLANG_ANALYZER_NONNULL = YES;
				CLANG_ANALYZER_NUMBER_OBJECT_CONVERSION = YES_AGGRESSIVE;
				CLANG_CXX_LANGUAGE_STANDARD = "gnu++14";
				CLANG_CXX_LIBRARY = "libc++";
				CLANG_ENABLE_MODULES = YES;
				CLANG_ENABLE_OBJC_ARC = YES;
				CLANG_WARN_BLOCK_CAPTURE_AUTORELEASING = YES;
				CLANG_WARN_BOOL_CONVERSION = YES;
				CLANG_WARN_COMMA = YES;
				CLANG_WARN_CONSTANT_CONVERSION = YES;
				CLANG_WARN_DIRECT_OBJC_ISA_USAGE = YES_ERROR;
				CLANG_WARN_DOCUMENTATION_COMMENTS = YES;
				CLANG_WARN_EMPTY_BODY = YES;
				CLANG_WARN_ENUM_CONVERSION = YES;
				CLANG_WARN_INFINITE_RECURSION = YES;
				CLANG_WARN_INT_CONVERSION = YES;
				CLANG_WARN_NON_LITERAL_NULL_CONVERSION = YES;
				CLANG_WARN_OBJC_LITERAL_CONVERSION = YES;
				CLANG_WARN_OBJC_ROOT_CLASS = YES_ERROR;
				CLANG_WARN_RANGE_LOOP_ANALYSIS = YES;
				CLANG_WARN_STRICT_PROTOTYPES = YES;
				CLANG_WARN_SUSPICIOUS_MOVE = YES;
				CLANG_WARN_UNGUARDED_AVAILABILITY = YES_AGGRESSIVE;
				CLANG_WARN_UNREACHABLE_CODE = YES;
				CLANG_WARN__DUPLICATE_METHOD_MATCH = YES;
				CODE_SIGN_IDENTITY = "iPhone Developer";
				COPY_PHASE_STRIP = NO;
				CURRENT_PROJECT_VERSION = 1;
				DEBUG_INFORMATION_FORMAT = dwarf;
				ENABLE_STRICT_OBJC_MSGSEND = YES;
				ENABLE_TESTABILITY = YES;
				GCC_C_LANGUAGE_STANDARD = gnu11;
				GCC_DYNAMIC_NO_PIC = NO;
				GCC_NO_COMMON_BLOCKS = YES;
				GCC_OPTIMIZATION_LEVEL = 0;
				GCC_PREPROCESSOR_DEFINITIONS = (
					"DEBUG=1",
					"$(inherited)",
				);
				GCC_WARN_64_TO_32_BIT_CONVERSION = YES;
				GCC_WARN_ABOUT_RETURN_TYPE = YES_ERROR;
				GCC_WARN_UNDECLARED_SELECTOR = YES;
				GCC_WARN_UNINITIALIZED_AUTOS = YES_AGGRESSIVE;
				GCC_WARN_UNUSED_FUNCTION = YES;
				GCC_WARN_UNUSED_VARIABLE = YES;
				IPHONEOS_DEPLOYMENT_TARGET = 11.0;
				MTL_ENABLE_DEBUG_INFO = YES;
				ONLY_ACTIVE_ARCH = YES;
				SDKROOT = iphoneos;
				SWIFT_ACTIVE_COMPILATION_CONDITIONS = DEBUG;
				SWIFT_OPTIMIZATION_LEVEL = "-Onone";
				VERSIONING_SYSTEM = "apple-generic";
				VERSION_INFO_PREFIX = "";
			};
			name = Debug;
		};
		B024ED431FD0484200E6DB72 /* Release */ = {
			isa = XCBuildConfiguration;
			buildSettings = {
				ALWAYS_SEARCH_USER_PATHS = NO;
				CLANG_ANALYZER_NONNULL = YES;
				CLANG_ANALYZER_NUMBER_OBJECT_CONVERSION = YES_AGGRESSIVE;
				CLANG_CXX_LANGUAGE_STANDARD = "gnu++14";
				CLANG_CXX_LIBRARY = "libc++";
				CLANG_ENABLE_MODULES = YES;
				CLANG_ENABLE_OBJC_ARC = YES;
				CLANG_WARN_BLOCK_CAPTURE_AUTORELEASING = YES;
				CLANG_WARN_BOOL_CONVERSION = YES;
				CLANG_WARN_COMMA = YES;
				CLANG_WARN_CONSTANT_CONVERSION = YES;
				CLANG_WARN_DIRECT_OBJC_ISA_USAGE = YES_ERROR;
				CLANG_WARN_DOCUMENTATION_COMMENTS = YES;
				CLANG_WARN_EMPTY_BODY = YES;
				CLANG_WARN_ENUM_CONVERSION = YES;
				CLANG_WARN_INFINITE_RECURSION = YES;
				CLANG_WARN_INT_CONVERSION = YES;
				CLANG_WARN_NON_LITERAL_NULL_CONVERSION = YES;
				CLANG_WARN_OBJC_LITERAL_CONVERSION = YES;
				CLANG_WARN_OBJC_ROOT_CLASS = YES_ERROR;
				CLANG_WARN_RANGE_LOOP_ANALYSIS = YES;
				CLANG_WARN_STRICT_PROTOTYPES = YES;
				CLANG_WARN_SUSPICIOUS_MOVE = YES;
				CLANG_WARN_UNGUARDED_AVAILABILITY = YES_AGGRESSIVE;
				CLANG_WARN_UNREACHABLE_CODE = YES;
				CLANG_WARN__DUPLICATE_METHOD_MATCH = YES;
				CODE_SIGN_IDENTITY = "iPhone Developer";
				COPY_PHASE_STRIP = NO;
				CURRENT_PROJECT_VERSION = 1;
				DEBUG_INFORMATION_FORMAT = "dwarf-with-dsym";
				ENABLE_NS_ASSERTIONS = NO;
				ENABLE_STRICT_OBJC_MSGSEND = YES;
				GCC_C_LANGUAGE_STANDARD = gnu11;
				GCC_NO_COMMON_BLOCKS = YES;
				GCC_WARN_64_TO_32_BIT_CONVERSION = YES;
				GCC_WARN_ABOUT_RETURN_TYPE = YES_ERROR;
				GCC_WARN_UNDECLARED_SELECTOR = YES;
				GCC_WARN_UNINITIALIZED_AUTOS = YES_AGGRESSIVE;
				GCC_WARN_UNUSED_FUNCTION = YES;
				GCC_WARN_UNUSED_VARIABLE = YES;
				IPHONEOS_DEPLOYMENT_TARGET = 11.0;
				MTL_ENABLE_DEBUG_INFO = NO;
				SDKROOT = iphoneos;
				SWIFT_OPTIMIZATION_LEVEL = "-Owholemodule";
				VALIDATE_PRODUCT = YES;
				VERSIONING_SYSTEM = "apple-generic";
				VERSION_INFO_PREFIX = "";
			};
			name = Release;
		};
		B024ED451FD0484200E6DB72 /* Debug */ = {
			isa = XCBuildConfiguration;
			buildSettings = {
				CLANG_ENABLE_MODULES = YES;
				CODE_SIGN_IDENTITY = "";
				CODE_SIGN_STYLE = Automatic;
				DEFINES_MODULE = YES;
				DEVELOPMENT_TEAM = 5CE6946X84;
				DYLIB_COMPATIBILITY_VERSION = 1;
				DYLIB_CURRENT_VERSION = 1;
				DYLIB_INSTALL_NAME_BASE = "@rpath";
				FRAMEWORK_SEARCH_PATHS = "$(inherited)";
				INFOPLIST_FILE = TinyBattleKit/Info.plist;
				INSTALL_PATH = "$(LOCAL_LIBRARY_DIR)/Frameworks";
				LD_RUNPATH_SEARCH_PATHS = "$(inherited) @executable_path/Frameworks @loader_path/Frameworks";
				PRODUCT_BUNDLE_IDENTIFIER = com.tinyworld.TinyBattleKit;
				PRODUCT_NAME = "$(TARGET_NAME:c99extidentifier)";
				SKIP_INSTALL = YES;
				SWIFT_OPTIMIZATION_LEVEL = "-Onone";
				SWIFT_VERSION = 4.0;
				TARGETED_DEVICE_FAMILY = "1,2";
			};
			name = Debug;
		};
		B024ED461FD0484200E6DB72 /* Release */ = {
			isa = XCBuildConfiguration;
			buildSettings = {
				CLANG_ENABLE_MODULES = YES;
				CODE_SIGN_IDENTITY = "";
				CODE_SIGN_STYLE = Automatic;
				DEFINES_MODULE = YES;
				DEVELOPMENT_TEAM = 5CE6946X84;
				DYLIB_COMPATIBILITY_VERSION = 1;
				DYLIB_CURRENT_VERSION = 1;
				DYLIB_INSTALL_NAME_BASE = "@rpath";
				FRAMEWORK_SEARCH_PATHS = "$(inherited)";
				INFOPLIST_FILE = TinyBattleKit/Info.plist;
				INSTALL_PATH = "$(LOCAL_LIBRARY_DIR)/Frameworks";
				LD_RUNPATH_SEARCH_PATHS = "$(inherited) @executable_path/Frameworks @loader_path/Frameworks";
				PRODUCT_BUNDLE_IDENTIFIER = com.tinyworld.TinyBattleKit;
				PRODUCT_NAME = "$(TARGET_NAME:c99extidentifier)";
				SKIP_INSTALL = YES;
				SWIFT_VERSION = 4.0;
				TARGETED_DEVICE_FAMILY = "1,2";
			};
			name = Release;
		};
		B024ED481FD0484200E6DB72 /* Debug */ = {
			isa = XCBuildConfiguration;
			buildSettings = {
				ALWAYS_EMBED_SWIFT_STANDARD_LIBRARIES = YES;
				CLANG_ENABLE_MODULES = YES;
				CODE_SIGN_STYLE = Automatic;
				DEVELOPMENT_TEAM = 5CE6946X84;
				FRAMEWORK_SEARCH_PATHS = "";
				INFOPLIST_FILE = TinyBattleKitTests/Info.plist;
				LD_RUNPATH_SEARCH_PATHS = "$(inherited) @executable_path/Frameworks @loader_path/Frameworks";
				PRODUCT_BUNDLE_IDENTIFIER = com.tinyworld.TinyBattleKitTests;
				PRODUCT_NAME = "$(TARGET_NAME)";
				SWIFT_OPTIMIZATION_LEVEL = "-Onone";
				SWIFT_VERSION = 4.0;
				TARGETED_DEVICE_FAMILY = "1,2";
			};
			name = Debug;
		};
		B024ED491FD0484200E6DB72 /* Release */ = {
			isa = XCBuildConfiguration;
			buildSettings = {
				ALWAYS_EMBED_SWIFT_STANDARD_LIBRARIES = YES;
				CLANG_ENABLE_MODULES = YES;
				CODE_SIGN_STYLE = Automatic;
				DEVELOPMENT_TEAM = 5CE6946X84;
				FRAMEWORK_SEARCH_PATHS = "";
				INFOPLIST_FILE = TinyBattleKitTests/Info.plist;
				LD_RUNPATH_SEARCH_PATHS = "$(inherited) @executable_path/Frameworks @loader_path/Frameworks";
				PRODUCT_BUNDLE_IDENTIFIER = com.tinyworld.TinyBattleKitTests;
				PRODUCT_NAME = "$(TARGET_NAME)";
				SWIFT_VERSION = 4.0;
				TARGETED_DEVICE_FAMILY = "1,2";
			};
			name = Release;
		};
/* End XCBuildConfiguration section */

/* Begin XCConfigurationList section */
		B024ED2A1FD0484200E6DB72 /* Build configuration list for PBXProject "TinyBattleKit" */ = {
			isa = XCConfigurationList;
			buildConfigurations = (
				B024ED421FD0484200E6DB72 /* Debug */,
				B024ED431FD0484200E6DB72 /* Release */,
			);
			defaultConfigurationIsVisible = 0;
			defaultConfigurationName = Release;
		};
		B024ED441FD0484200E6DB72 /* Build configuration list for PBXNativeTarget "TinyBattleKit" */ = {
			isa = XCConfigurationList;
			buildConfigurations = (
				B024ED451FD0484200E6DB72 /* Debug */,
				B024ED461FD0484200E6DB72 /* Release */,
			);
			defaultConfigurationIsVisible = 0;
			defaultConfigurationName = Release;
		};
		B024ED471FD0484200E6DB72 /* Build configuration list for PBXNativeTarget "TinyBattleKitTests" */ = {
			isa = XCConfigurationList;
			buildConfigurations = (
				B024ED481FD0484200E6DB72 /* Debug */,
				B024ED491FD0484200E6DB72 /* Release */,
			);
			defaultConfigurationIsVisible = 0;
			defaultConfigurationName = Release;
		};
/* End XCConfigurationList section */
	};
	rootObject = B024ED271FD0484200E6DB72 /* Project object */;
}
